# This file is autogenerated, do not edit; changes may be undone by the next 'dep ensure'.


[[projects]]
  digest = "1:c1d76f19a57f61afcbf26baf77bd161aec096f4b54f39887712f822be841cbbe"
  name = "github.com/vmware/govmomi"
  packages = [
    ".",
    "find",
    "list",
    "nfc",
    "object",
    "property",
    "session",
    "task",
    "view",
    "vim25",
    "vim25/debug",
    "vim25/methods",
    "vim25/mo",
    "vim25/progress",
    "vim25/soap",
    "vim25/types",
    "vim25/xml",
  ]
  pruneopts = "UT"
  revision = "e7df0c1118c15c0b35fe08f183ca084269ea6542"
  version = "v0.22.2"

[solve-meta]
  analyzer-name = "dep"
  analyzer-version = 1
  input-imports = [
    "github.com/vmware/govmomi",
    "github.com/vmware/govmomi/find",
    "github.com/vmware/govmomi/object",
    "github.com/vmware/govmomi/property",
    "github.com/vmware/govmomi/view",
    "github.com/vmware/govmomi/vim25",
    "github.com/vmware/govmomi/vim25/mo",
  ]
  solver-name = "gps-cdcl"
  solver-version = 1
